
Microsoft Visual Studio Solution File, Format Version 12.00
# Visual Studio Version 16
VisualStudioVersion = 16.0.30711.63
MinimumVisualStudioVersion = 10.0.40219.1
Project("{FAE04EC0-301F-11D3-BF4B-00C04F79EFBC}") = "LinqTutorial", "LinqTutorial.csproj", "{FB6410CD-C025-4FD3-9BDA-0221BC43A1D4}"
EndProject
Global
	GlobalSection(SolutionConfigurationPlatforms) = preSolution
		Debug|Any CPU = Debug|Any CPU
		Release|Any CPU = Release|Any CPU
	EndGlobalSection
	GlobalSection(ProjectConfigurationPlatforms) = postSolution
		{FB6410CD-C025-4FD3-9BDA-0221BC43A1D4}.Debug|Any CPU.ActiveCfg = Debug|Any CPU
		{FB6410CD-C025-4FD3-9BDA-0221BC43A1D4}.Debug|Any CPU.Build.0 = Debug|Any CPU
		{FB6410CD-C025-4FD3-9BDA-0221BC43A1D4}.Release|Any CPU.ActiveCfg = Release|Any CPU
		{FB6410CD-C025-4FD3-9BDA-0221BC43A1D4}.Release|Any CPU.Build.0 = Release|Any CPU
	EndGlobalSection
	GlobalSection(SolutionProperties) = preSolution
		HideSolutionNode = FALSE
	EndGlobalSection
	GlobalSection(ExtensibilityGlobals) = postSolution
		SolutionGuid = {220663FA-3167-4DD1-A4B3-4D99B0A4A39E}
	EndGlobalSection
EndGlobal
